
Microsoft Visual Studio Solution File, Format Version 11.00
# Visual Studio 2010
Project("{FAE04EC0-301F-11D3-BF4B-00C04F79EFBC}") = "webapi-format", "webapi-format\webapi-format.csproj", "{464F7751-3F86-45BC-8963-2147E02E5B20}"
EndProject
Project("{FAE04EC0-301F-11D3-BF4B-00C04F79EFBC}") = "test", "test\test.csproj", "{6615BAE6-D18E-44A1-8729-57043CDE68C6}"
EndProject
Global
	GlobalSection(SolutionConfigurationPlatforms) = preSolution
		Debug|Any CPU = Debug|Any CPU
		Release|Any CPU = Release|Any CPU
	EndGlobalSection
	GlobalSection(ProjectConfigurationPlatforms) = postSolution
		{464F7751-3F86-45BC-8963-2147E02E5B20}.Debug|Any CPU.ActiveCfg = Debug|Any CPU
		{464F7751-3F86-45BC-8963-2147E02E5B20}.Debug|Any CPU.Build.0 = Debug|Any CPU
		{464F7751-3F86-45BC-8963-2147E02E5B20}.Release|Any CPU.ActiveCfg = Release|Any CPU
		{464F7751-3F86-45BC-8963-2147E02E5B20}.Release|Any CPU.Build.0 = Release|Any CPU
		{6615BAE6-D18E-44A1-8729-57043CDE68C6}.Debug|Any CPU.ActiveCfg = Debug|Any CPU
		{6615BAE6-D18E-44A1-8729-57043CDE68C6}.Debug|Any CPU.Build.0 = Debug|Any CPU
		{6615BAE6-D18E-44A1-8729-57043CDE68C6}.Release|Any CPU.ActiveCfg = Release|Any CPU
		{6615BAE6-D18E-44A1-8729-57043CDE68C6}.Release|Any CPU.Build.0 = Release|Any CPU
	EndGlobalSection
	GlobalSection(SolutionProperties) = preSolution
		HideSolutionNode = FALSE
	EndGlobalSection
EndGlobal
